
Microsoft Visual Studio Solution File, Format Version 12.00
# Visual Studio Version 17
VisualStudioVersion = 17.11.35208.52
MinimumVisualStudioVersion = 10.0.40219.1
Project("{FAE04EC0-301F-11D3-BF4B-00C04F79EFBC}") = "LibreriaRiot", "LibreriaRiot\LibreriaRiot.csproj", "{F2F23ECF-7E75-446B-96F9-EBE636A438E4}"
EndProject
Global
	GlobalSection(SolutionConfigurationPlatforms) = preSolution
		Debug|Any CPU = Debug|Any CPU
		Release|Any CPU = Release|Any CPU
	EndGlobalSection
	GlobalSection(ProjectConfigurationPlatforms) = postSolution
		{F2F23ECF-7E75-446B-96F9-EBE636A438E4}.Debug|Any CPU.ActiveCfg = Debug|Any CPU
		{F2F23ECF-7E75-446B-96F9-EBE636A438E4}.Debug|Any CPU.Build.0 = Debug|Any CPU
		{F2F23ECF-7E75-446B-96F9-EBE636A438E4}.Release|Any CPU.ActiveCfg = Release|Any CPU
		{F2F23ECF-7E75-446B-96F9-EBE636A438E4}.Release|Any CPU.Build.0 = Release|Any CPU
	EndGlobalSection
	GlobalSection(SolutionProperties) = preSolution
		HideSolutionNode = FALSE
	EndGlobalSection
	GlobalSection(ExtensibilityGlobals) = postSolution
		SolutionGuid = {3217FF31-391F-4501-BCE2-5F3E80E57B87}
	EndGlobalSection
EndGlobal
